
Microsoft Visual Studio Solution File, Format Version 12.00
# Visual Studio 15
VisualStudioVersion = 15.0.28307.1800
MinimumVisualStudioVersion = 10.0.40219.1
Project("{8BC9CEB8-8B4A-11D0-8D11-00A0C91BC942}") = "01_Sort", "01_Sort.vcxproj", "{23160575-A645-412E-AC21-56E996A4A319}"
EndProject
Global
	GlobalSection(SolutionConfigurationPlatforms) = preSolution
		Debug|x64 = Debug|x64
		Debug|x86 = Debug|x86
		Release|x64 = Release|x64
		Release|x86 = Release|x86
	EndGlobalSection
	GlobalSection(ProjectConfigurationPlatforms) = postSolution
		{23160575-A645-412E-AC21-56E996A4A319}.Debug|x64.ActiveCfg = Debug|x64
		{23160575-A645-412E-AC21-56E996A4A319}.Debug|x64.Build.0 = Debug|x64
		{23160575-A645-412E-AC21-56E996A4A319}.Debug|x86.ActiveCfg = Debug|Win32
		{23160575-A645-412E-AC21-56E996A4A319}.Debug|x86.Build.0 = Debug|Win32
		{23160575-A645-412E-AC21-56E996A4A319}.Release|x64.ActiveCfg = Release|x64
		{23160575-A645-412E-AC21-56E996A4A319}.Release|x64.Build.0 = Release|x64
		{23160575-A645-412E-AC21-56E996A4A319}.Release|x86.ActiveCfg = Release|Win32
		{23160575-A645-412E-AC21-56E996A4A319}.Release|x86.Build.0 = Release|Win32
	EndGlobalSection
	GlobalSection(SolutionProperties) = preSolution
		HideSolutionNode = FALSE
	EndGlobalSection
	GlobalSection(ExtensibilityGlobals) = postSolution
		SolutionGuid = {85253B12-DA9F-4AE0-9260-1F62BF731B5C}
	EndGlobalSection
EndGlobal
