
Microsoft Visual Studio Solution File, Format Version 12.00
# Visual Studio 15
VisualStudioVersion = 15.0.28307.1800
MinimumVisualStudioVersion = 10.0.40219.1
Project("{8BC9CEB8-8B4A-11D0-8D11-00A0C91BC942}") = "Q02_10870", "Q02_10870.vcxproj", "{5B56AF5C-F7EC-4526-89B9-59528D847E50}"
EndProject
Global
	GlobalSection(SolutionConfigurationPlatforms) = preSolution
		Debug|x64 = Debug|x64
		Debug|x86 = Debug|x86
		Release|x64 = Release|x64
		Release|x86 = Release|x86
	EndGlobalSection
	GlobalSection(ProjectConfigurationPlatforms) = postSolution
		{5B56AF5C-F7EC-4526-89B9-59528D847E50}.Debug|x64.ActiveCfg = Debug|x64
		{5B56AF5C-F7EC-4526-89B9-59528D847E50}.Debug|x64.Build.0 = Debug|x64
		{5B56AF5C-F7EC-4526-89B9-59528D847E50}.Debug|x86.ActiveCfg = Debug|Win32
		{5B56AF5C-F7EC-4526-89B9-59528D847E50}.Debug|x86.Build.0 = Debug|Win32
		{5B56AF5C-F7EC-4526-89B9-59528D847E50}.Release|x64.ActiveCfg = Release|x64
		{5B56AF5C-F7EC-4526-89B9-59528D847E50}.Release|x64.Build.0 = Release|x64
		{5B56AF5C-F7EC-4526-89B9-59528D847E50}.Release|x86.ActiveCfg = Release|Win32
		{5B56AF5C-F7EC-4526-89B9-59528D847E50}.Release|x86.Build.0 = Release|Win32
	EndGlobalSection
	GlobalSection(SolutionProperties) = preSolution
		HideSolutionNode = FALSE
	EndGlobalSection
	GlobalSection(ExtensibilityGlobals) = postSolution
		SolutionGuid = {E48A8CDC-F06E-4C51-B8CF-5A99B7E380A4}
	EndGlobalSection
EndGlobal
