
Microsoft Visual Studio Solution File, Format Version 12.00
# Visual Studio 15
VisualStudioVersion = 15.0.28307.1800
MinimumVisualStudioVersion = 10.0.40219.1
Project("{8BC9CEB8-8B4A-11D0-8D11-00A0C91BC942}") = "26_Fibonacci", "26_Fibonacci.vcxproj", "{754B5F8A-DE41-4152-960E-4407E8EA14A2}"
EndProject
Global
	GlobalSection(SolutionConfigurationPlatforms) = preSolution
		Debug|x64 = Debug|x64
		Debug|x86 = Debug|x86
		Release|x64 = Release|x64
		Release|x86 = Release|x86
	EndGlobalSection
	GlobalSection(ProjectConfigurationPlatforms) = postSolution
		{754B5F8A-DE41-4152-960E-4407E8EA14A2}.Debug|x64.ActiveCfg = Debug|x64
		{754B5F8A-DE41-4152-960E-4407E8EA14A2}.Debug|x64.Build.0 = Debug|x64
		{754B5F8A-DE41-4152-960E-4407E8EA14A2}.Debug|x86.ActiveCfg = Debug|Win32
		{754B5F8A-DE41-4152-960E-4407E8EA14A2}.Debug|x86.Build.0 = Debug|Win32
		{754B5F8A-DE41-4152-960E-4407E8EA14A2}.Release|x64.ActiveCfg = Release|x64
		{754B5F8A-DE41-4152-960E-4407E8EA14A2}.Release|x64.Build.0 = Release|x64
		{754B5F8A-DE41-4152-960E-4407E8EA14A2}.Release|x86.ActiveCfg = Release|Win32
		{754B5F8A-DE41-4152-960E-4407E8EA14A2}.Release|x86.Build.0 = Release|Win32
	EndGlobalSection
	GlobalSection(SolutionProperties) = preSolution
		HideSolutionNode = FALSE
	EndGlobalSection
	GlobalSection(ExtensibilityGlobals) = postSolution
		SolutionGuid = {BFFD4AEC-C76F-4582-9777-08AA961FCB04}
	EndGlobalSection
EndGlobal
