
Microsoft Visual Studio Solution File, Format Version 12.00
# Visual Studio 15
VisualStudioVersion = 15.0.28307.1738
MinimumVisualStudioVersion = 10.0.40219.1
Project("{8BC9CEB8-8B4A-11D0-8D11-00A0C91BC942}") = "Question2588", "Question2588.vcxproj", "{ABB19D99-83AE-4FEE-ACB9-4CA8F7A875B6}"
EndProject
Global
	GlobalSection(SolutionConfigurationPlatforms) = preSolution
		Debug|x64 = Debug|x64
		Debug|x86 = Debug|x86
		Release|x64 = Release|x64
		Release|x86 = Release|x86
	EndGlobalSection
	GlobalSection(ProjectConfigurationPlatforms) = postSolution
		{ABB19D99-83AE-4FEE-ACB9-4CA8F7A875B6}.Debug|x64.ActiveCfg = Debug|x64
		{ABB19D99-83AE-4FEE-ACB9-4CA8F7A875B6}.Debug|x64.Build.0 = Debug|x64
		{ABB19D99-83AE-4FEE-ACB9-4CA8F7A875B6}.Debug|x86.ActiveCfg = Debug|Win32
		{ABB19D99-83AE-4FEE-ACB9-4CA8F7A875B6}.Debug|x86.Build.0 = Debug|Win32
		{ABB19D99-83AE-4FEE-ACB9-4CA8F7A875B6}.Release|x64.ActiveCfg = Release|x64
		{ABB19D99-83AE-4FEE-ACB9-4CA8F7A875B6}.Release|x64.Build.0 = Release|x64
		{ABB19D99-83AE-4FEE-ACB9-4CA8F7A875B6}.Release|x86.ActiveCfg = Release|Win32
		{ABB19D99-83AE-4FEE-ACB9-4CA8F7A875B6}.Release|x86.Build.0 = Release|Win32
	EndGlobalSection
	GlobalSection(SolutionProperties) = preSolution
		HideSolutionNode = FALSE
	EndGlobalSection
	GlobalSection(ExtensibilityGlobals) = postSolution
		SolutionGuid = {2B11317D-BF39-4C28-931D-0B862506928D}
	EndGlobalSection
EndGlobal
