
Microsoft Visual Studio Solution File, Format Version 12.00
# Visual Studio 15
VisualStudioVersion = 15.0.28307.1800
MinimumVisualStudioVersion = 10.0.40219.1
Project("{8BC9CEB8-8B4A-11D0-8D11-00A0C91BC942}") = "Q06_9020", "Q06_9020.vcxproj", "{289E079F-F86F-4250-83C0-C6C3542B5882}"
EndProject
Global
	GlobalSection(SolutionConfigurationPlatforms) = preSolution
		Debug|x64 = Debug|x64
		Debug|x86 = Debug|x86
		Release|x64 = Release|x64
		Release|x86 = Release|x86
	EndGlobalSection
	GlobalSection(ProjectConfigurationPlatforms) = postSolution
		{289E079F-F86F-4250-83C0-C6C3542B5882}.Debug|x64.ActiveCfg = Debug|x64
		{289E079F-F86F-4250-83C0-C6C3542B5882}.Debug|x64.Build.0 = Debug|x64
		{289E079F-F86F-4250-83C0-C6C3542B5882}.Debug|x86.ActiveCfg = Debug|Win32
		{289E079F-F86F-4250-83C0-C6C3542B5882}.Debug|x86.Build.0 = Debug|Win32
		{289E079F-F86F-4250-83C0-C6C3542B5882}.Release|x64.ActiveCfg = Release|x64
		{289E079F-F86F-4250-83C0-C6C3542B5882}.Release|x64.Build.0 = Release|x64
		{289E079F-F86F-4250-83C0-C6C3542B5882}.Release|x86.ActiveCfg = Release|Win32
		{289E079F-F86F-4250-83C0-C6C3542B5882}.Release|x86.Build.0 = Release|Win32
	EndGlobalSection
	GlobalSection(SolutionProperties) = preSolution
		HideSolutionNode = FALSE
	EndGlobalSection
	GlobalSection(ExtensibilityGlobals) = postSolution
		SolutionGuid = {BEE7E130-BEB5-46D1-9937-AEEE4111BEFC}
	EndGlobalSection
EndGlobal
