
Microsoft Visual Studio Solution File, Format Version 12.00
# Visual Studio 15
VisualStudioVersion = 15.0.28307.1800
MinimumVisualStudioVersion = 10.0.40219.1
Project("{8BC9CEB8-8B4A-11D0-8D11-00A0C91BC942}") = "Q02_2292", "Q02_2292.vcxproj", "{2BBE192B-F2C0-46BC-9065-173901A24749}"
EndProject
Global
	GlobalSection(SolutionConfigurationPlatforms) = preSolution
		Debug|x64 = Debug|x64
		Debug|x86 = Debug|x86
		Release|x64 = Release|x64
		Release|x86 = Release|x86
	EndGlobalSection
	GlobalSection(ProjectConfigurationPlatforms) = postSolution
		{2BBE192B-F2C0-46BC-9065-173901A24749}.Debug|x64.ActiveCfg = Debug|x64
		{2BBE192B-F2C0-46BC-9065-173901A24749}.Debug|x64.Build.0 = Debug|x64
		{2BBE192B-F2C0-46BC-9065-173901A24749}.Debug|x86.ActiveCfg = Debug|Win32
		{2BBE192B-F2C0-46BC-9065-173901A24749}.Debug|x86.Build.0 = Debug|Win32
		{2BBE192B-F2C0-46BC-9065-173901A24749}.Release|x64.ActiveCfg = Release|x64
		{2BBE192B-F2C0-46BC-9065-173901A24749}.Release|x64.Build.0 = Release|x64
		{2BBE192B-F2C0-46BC-9065-173901A24749}.Release|x86.ActiveCfg = Release|Win32
		{2BBE192B-F2C0-46BC-9065-173901A24749}.Release|x86.Build.0 = Release|Win32
	EndGlobalSection
	GlobalSection(SolutionProperties) = preSolution
		HideSolutionNode = FALSE
	EndGlobalSection
	GlobalSection(ExtensibilityGlobals) = postSolution
		SolutionGuid = {5DEDEA4E-0859-49F7-AB1D-D7C2DFAE2B7A}
	EndGlobalSection
EndGlobal
