
Microsoft Visual Studio Solution File, Format Version 12.00
# Visual Studio 15
VisualStudioVersion = 15.0.28307.1800
MinimumVisualStudioVersion = 10.0.40219.1
Project("{8BC9CEB8-8B4A-11D0-8D11-00A0C91BC942}") = "Q03_1110", "Q03_1110.vcxproj", "{4BFCD876-22DF-4A20-A3EA-01AE37467080}"
EndProject
Global
	GlobalSection(SolutionConfigurationPlatforms) = preSolution
		Debug|x64 = Debug|x64
		Debug|x86 = Debug|x86
		Release|x64 = Release|x64
		Release|x86 = Release|x86
	EndGlobalSection
	GlobalSection(ProjectConfigurationPlatforms) = postSolution
		{4BFCD876-22DF-4A20-A3EA-01AE37467080}.Debug|x64.ActiveCfg = Debug|x64
		{4BFCD876-22DF-4A20-A3EA-01AE37467080}.Debug|x64.Build.0 = Debug|x64
		{4BFCD876-22DF-4A20-A3EA-01AE37467080}.Debug|x86.ActiveCfg = Debug|Win32
		{4BFCD876-22DF-4A20-A3EA-01AE37467080}.Debug|x86.Build.0 = Debug|Win32
		{4BFCD876-22DF-4A20-A3EA-01AE37467080}.Release|x64.ActiveCfg = Release|x64
		{4BFCD876-22DF-4A20-A3EA-01AE37467080}.Release|x64.Build.0 = Release|x64
		{4BFCD876-22DF-4A20-A3EA-01AE37467080}.Release|x86.ActiveCfg = Release|Win32
		{4BFCD876-22DF-4A20-A3EA-01AE37467080}.Release|x86.Build.0 = Release|Win32
	EndGlobalSection
	GlobalSection(SolutionProperties) = preSolution
		HideSolutionNode = FALSE
	EndGlobalSection
	GlobalSection(ExtensibilityGlobals) = postSolution
		SolutionGuid = {EEA618D3-2D0D-4CF3-97E6-A8FC84B64ED6}
	EndGlobalSection
EndGlobal
