
Microsoft Visual Studio Solution File, Format Version 12.00
# Visual Studio 15
VisualStudioVersion = 15.0.28307.1800
MinimumVisualStudioVersion = 10.0.40219.1
Project("{8BC9CEB8-8B4A-11D0-8D11-00A0C91BC942}") = "Q06_2775", "Q06_2775.vcxproj", "{96E343FA-1865-4916-9817-7EC5FFDC6C02}"
EndProject
Global
	GlobalSection(SolutionConfigurationPlatforms) = preSolution
		Debug|x64 = Debug|x64
		Debug|x86 = Debug|x86
		Release|x64 = Release|x64
		Release|x86 = Release|x86
	EndGlobalSection
	GlobalSection(ProjectConfigurationPlatforms) = postSolution
		{96E343FA-1865-4916-9817-7EC5FFDC6C02}.Debug|x64.ActiveCfg = Debug|x64
		{96E343FA-1865-4916-9817-7EC5FFDC6C02}.Debug|x64.Build.0 = Debug|x64
		{96E343FA-1865-4916-9817-7EC5FFDC6C02}.Debug|x86.ActiveCfg = Debug|Win32
		{96E343FA-1865-4916-9817-7EC5FFDC6C02}.Debug|x86.Build.0 = Debug|Win32
		{96E343FA-1865-4916-9817-7EC5FFDC6C02}.Release|x64.ActiveCfg = Release|x64
		{96E343FA-1865-4916-9817-7EC5FFDC6C02}.Release|x64.Build.0 = Release|x64
		{96E343FA-1865-4916-9817-7EC5FFDC6C02}.Release|x86.ActiveCfg = Release|Win32
		{96E343FA-1865-4916-9817-7EC5FFDC6C02}.Release|x86.Build.0 = Release|Win32
	EndGlobalSection
	GlobalSection(SolutionProperties) = preSolution
		HideSolutionNode = FALSE
	EndGlobalSection
	GlobalSection(ExtensibilityGlobals) = postSolution
		SolutionGuid = {16E2CF0E-8114-46F1-8A45-08C79D38E958}
	EndGlobalSection
EndGlobal
